
Microsoft Visual Studio Solution File, Format Version 12.00
# Visual Studio Version 17
VisualStudioVersion = 17.8.34322.80
MinimumVisualStudioVersion = 10.0.40219.1
Project("{FAE04EC0-301F-11D3-BF4B-00C04F79EFBC}") = "FraryPNumAirline", "FraryPNumAirline\FraryPNumAirline.csproj", "{83BD5051-98A5-4613-8F6F-D2E01CAFE047}"
EndProject
Global
	GlobalSection(SolutionConfigurationPlatforms) = preSolution
		Debug|Any CPU = Debug|Any CPU
		Release|Any CPU = Release|Any CPU
	EndGlobalSection
	GlobalSection(ProjectConfigurationPlatforms) = postSolution
		{83BD5051-98A5-4613-8F6F-D2E01CAFE047}.Debug|Any CPU.ActiveCfg = Debug|Any CPU
		{83BD5051-98A5-4613-8F6F-D2E01CAFE047}.Debug|Any CPU.Build.0 = Debug|Any CPU
		{83BD5051-98A5-4613-8F6F-D2E01CAFE047}.Release|Any CPU.ActiveCfg = Release|Any CPU
		{83BD5051-98A5-4613-8F6F-D2E01CAFE047}.Release|Any CPU.Build.0 = Release|Any CPU
	EndGlobalSection
	GlobalSection(SolutionProperties) = preSolution
		HideSolutionNode = FALSE
	EndGlobalSection
	GlobalSection(ExtensibilityGlobals) = postSolution
		SolutionGuid = {FE3F1667-80E1-4C2B-8EFB-8623F77B49BB}
	EndGlobalSection
EndGlobal
